lockfileVersion: 5.3

specifiers:
  '@types/node': ^17.0.10
  rxjs: ^7.5.2
  xmlhttprequest: ^1.8.0

dependencies:
  rxjs: 7.5.2
  xmlhttprequest: 1.8.0

devDependencies:
  '@types/node': 17.0.10

packages:

  /@types/node/17.0.10:
    resolution: {integrity: sha512-S/3xB4KzyFxYGCppyDt68yzBU9ysL88lSdIah4D6cptdcltc4NCPCAMc0+PCpg/lLIyC7IPvj2Z52OJWeIUkog==}
    dev: true

  /rxjs/7.5.2:
    resolution: {integrity: sha512-PwDt186XaL3QN5qXj/H9DGyHhP3/RYYgZZwqBv9Tv8rsAaiwFH1IsJJlcgD37J7UW5a6O67qX0KWKS3/pu0m4w==}
    dependencies:
      tslib: 2.3.1
    dev: false

  /tslib/2.3.1:
    resolution: {integrity: sha512-77EbyPPpMz+FRFRuAFlWMtmgUWGe9UOG2Z25NqCwiIjRhOf5iKGuzSe5P2w1laq+FkRy4p+PCuVkJSGkzTEKVw==}
    dev: false

  /xmlhttprequest/1.8.0:
    resolution: {integrity: sha1-Z/4HXFwk/vOfnWX197f+dRcZaPw=}
    engines: {node: '>=0.4.0'}
    dev: false
